
Microsoft Visual Studio Solution File, Format Version 12.00
# Visual Studio 15
VisualStudioVersion = 15.0.26228.9
MinimumVisualStudioVersion = 10.0.40219.1
Project("{FAE04EC0-301F-11D3-BF4B-00C04F79EFBC}") = "0.01_Intro", "0.01_Intro\0.01_Intro.csproj", "{F5130643-DD00-4DAA-9883-3D4CB6F27E26}"
EndProject
Project("{FAE04EC0-301F-11D3-BF4B-00C04F79EFBC}") = "0.02_BasicTypes", "0.02_BasicTypes\0.02_BasicTypes.csproj", "{8DD56352-3A06-48DE-BFD4-290D8611352B}"
EndProject
Project("{FAE04EC0-301F-11D3-BF4B-00C04F79EFBC}") = "0.02_BasicTypes_Challenges", "0.02_BasicTypes_Challenges\0.02_BasicTypes_Challenges.csproj", "{C464002B-825E-46F4-83A3-364EB88ED975}"
EndProject
Project("{FAE04EC0-301F-11D3-BF4B-00C04F79EFBC}") = "0.03_Strings", "0.03_Strings\0.03_Strings.csproj", "{B3C1BE62-805A-4F97-AC23-3566F5E4E86D}"
EndProject
Project("{FAE04EC0-301F-11D3-BF4B-00C04F79EFBC}") = "0.03_String_Challenges", "0.03_String_Challenges\0.03_String_Challenges.csproj", "{0D798F9D-CE54-4A63-BFC8-AACDCC80ADDD}"
EndProject
Project("{FAE04EC0-301F-11D3-BF4B-00C04F79EFBC}") = "0.04_Conditional_If", "0.04_Conditional_If\0.04_Conditional_If.csproj", "{36A60D50-FE3C-4984-AE8F-D7F1E42B934D}"
EndProject
Project("{FAE04EC0-301F-11D3-BF4B-00C04F79EFBC}") = "0.04_Conditionals_If_else", "0.04_Conditionals_If_else\0.04_Conditionals_If_else.csproj", "{E4775341-688A-4183-822B-ECD5B303E08F}"
EndProject
Project("{FAE04EC0-301F-11D3-BF4B-00C04F79EFBC}") = "0.04_Conditional_else_If", "0.04_Conditional_else_If\0.04_Conditional_else_If.csproj", "{67A1515B-FC37-4D21-8BB7-BE94000B4579}"
EndProject
Project("{FAE04EC0-301F-11D3-BF4B-00C04F79EFBC}") = "0.04_Conditional_ReadLine", "0.04_Conditional_ReadLine\0.04_Conditional_ReadLine.csproj", "{2936F1BE-63D8-43AC-A395-088B7F279E1B}"
EndProject
Project("{FAE04EC0-301F-11D3-BF4B-00C04F79EFBC}") = "0.04_Conditionals_Switch", "0.04_Conditionals_Switch\0.04_Conditionals_Switch.csproj", "{BD1CBBBE-E456-4C6B-B0F5-B5C7C4C5A298}"
EndProject
Project("{FAE04EC0-301F-11D3-BF4B-00C04F79EFBC}") = "0.05_Objects", "0.05_Objects\0.05_Objects.csproj", "{7119D119-4D5C-4B7C-BC8D-994821929108}"
EndProject
Project("{FAE04EC0-301F-11D3-BF4B-00C04F79EFBC}") = "0.05_Objects_Challenge", "0.05_Objects_Challenge\0.05_Objects_Challenge.csproj", "{DB7E3B71-EB77-459A-B22C-693AA5EC9A96}"
EndProject
Project("{FAE04EC0-301F-11D3-BF4B-00C04F79EFBC}") = "0.06_Methods", "0.06_Methods\0.06_Methods.csproj", "{D3FC07FF-4BB4-4192-BEF6-40F6A7AEFC90}"
EndProject
Project("{FAE04EC0-301F-11D3-BF4B-00C04F79EFBC}") = "0.06_Netflix_Challenge", "0.06_Netflix_Challenge\0.06_Netflix_Challenge.csproj", "{0777B80D-EC7D-4304-8AB8-9936C7EBB0A6}"
EndProject
Project("{FAE04EC0-301F-11D3-BF4B-00C04F79EFBC}") = "0.08_Methods_Overloading", "0.08_Methods_Overloading\0.08_Methods_Overloading.csproj", "{93943922-D45D-4E5E-B5C0-6B41EE9FA293}"
EndProject
Project("{FAE04EC0-301F-11D3-BF4B-00C04F79EFBC}") = "0.09_Constructors", "0.09_Constructors\0.09_Constructors.csproj", "{7ECF130D-58B2-4220-BE2C-9D79B313EAF2}"
EndProject
Project("{FAE04EC0-301F-11D3-BF4B-00C04F79EFBC}") = "0.09_Constructors_Challenge", "0.09_Constructors_Challenge\0.09_Constructors_Challenge.csproj", "{10104A5C-C06A-40A5-AA3B-F49479A2066C}"
EndProject
Project("{FAE04EC0-301F-11D3-BF4B-00C04F79EFBC}") = "0.10_ForLoops", "0.10_ForLoops\0.10_ForLoops.csproj", "{06968709-AAA5-4252-BC1F-DA5F8E8ACA3A}"
EndProject
Project("{FAE04EC0-301F-11D3-BF4B-00C04F79EFBC}") = "0.10_ForLoop_SimpleProgram", "0.10_ForLoop_SimpleProgram\0.10_ForLoop_SimpleProgram.csproj", "{FAF6A3F5-72F3-4586-B015-CA5701F34466}"
EndProject
Project("{FAE04EC0-301F-11D3-BF4B-00C04F79EFBC}") = "0.10_ForEach_Loops", "0.10_ForEach_Loops\0.10_ForEach_Loops.csproj", "{D6A03A32-5F17-4283-9D16-678256835BE5}"
EndProject
Project("{FAE04EC0-301F-11D3-BF4B-00C04F79EFBC}") = "0.10_Collections_ArraysOfObjects", "0.10_Collections_ArraysOfObjects\0.10_Collections_ArraysOfObjects.csproj", "{0136DCF7-C30E-4DD0-BCF6-B39E6F955646}"
EndProject
Project("{FAE04EC0-301F-11D3-BF4B-00C04F79EFBC}") = "0.10_Collections_Dictionaries", "0.10_Collections_Dictionaries\0.10_Collections_Dictionaries.csproj", "{EBB2AA99-98C7-42A2-90A9-44F446C23EF5}"
EndProject
Project("{FAE04EC0-301F-11D3-BF4B-00C04F79EFBC}") = "0.11_Inheritance", "0.11_Inheritance\0.11_Inheritance.csproj", "{684BD140-CB3D-4BDA-A3CC-20FF7A52E6C7}"
EndProject
Project("{FAE04EC0-301F-11D3-BF4B-00C04F79EFBC}") = "0.12_AccessModifiers", "0.12_AccessModifiers\0.12_AccessModifiers.csproj", "{B38D4306-5AC8-4D5E-B75D-67A59F62C869}"
EndProject
Project("{FAE04EC0-301F-11D3-BF4B-00C04F79EFBC}") = "0.13_GettersAndSetters", "0.13_GettersAndSetters\0.13_GettersAndSetters.csproj", "{E0FDC102-01F5-4D8F-BBFD-5A5583E20737}"
EndProject
Project("{FAE04EC0-301F-11D3-BF4B-00C04F79EFBC}") = "0.14_FantasyGame_Demo", "0.14_FantasyGame_Demo\0.14_FantasyGame_Demo.csproj", "{1DD0E963-F5DA-417C-B1C9-5869378D21D6}"
EndProject
Global
	GlobalSection(SolutionConfigurationPlatforms) = preSolution
		Debug|Any CPU = Debug|Any CPU
		Release|Any CPU = Release|Any CPU
	EndGlobalSection
	GlobalSection(ProjectConfigurationPlatforms) = postSolution
		{F5130643-DD00-4DAA-9883-3D4CB6F27E26}.Debug|Any CPU.ActiveCfg = Debug|Any CPU
		{F5130643-DD00-4DAA-9883-3D4CB6F27E26}.Debug|Any CPU.Build.0 = Debug|Any CPU
		{F5130643-DD00-4DAA-9883-3D4CB6F27E26}.Release|Any CPU.ActiveCfg = Release|Any CPU
		{F5130643-DD00-4DAA-9883-3D4CB6F27E26}.Release|Any CPU.Build.0 = Release|Any CPU
		{8DD56352-3A06-48DE-BFD4-290D8611352B}.Debug|Any CPU.ActiveCfg = Debug|Any CPU
		{8DD56352-3A06-48DE-BFD4-290D8611352B}.Debug|Any CPU.Build.0 = Debug|Any CPU
		{8DD56352-3A06-48DE-BFD4-290D8611352B}.Release|Any CPU.ActiveCfg = Release|Any CPU
		{8DD56352-3A06-48DE-BFD4-290D8611352B}.Release|Any CPU.Build.0 = Release|Any CPU
		{C464002B-825E-46F4-83A3-364EB88ED975}.Debug|Any CPU.ActiveCfg = Debug|Any CPU
		{C464002B-825E-46F4-83A3-364EB88ED975}.Debug|Any CPU.Build.0 = Debug|Any CPU
		{C464002B-825E-46F4-83A3-364EB88ED975}.Release|Any CPU.ActiveCfg = Release|Any CPU
		{C464002B-825E-46F4-83A3-364EB88ED975}.Release|Any CPU.Build.0 = Release|Any CPU
		{B3C1BE62-805A-4F97-AC23-3566F5E4E86D}.Debug|Any CPU.ActiveCfg = Debug|Any CPU
		{B3C1BE62-805A-4F97-AC23-3566F5E4E86D}.Debug|Any CPU.Build.0 = Debug|Any CPU
		{B3C1BE62-805A-4F97-AC23-3566F5E4E86D}.Release|Any CPU.ActiveCfg = Release|Any CPU
		{B3C1BE62-805A-4F97-AC23-3566F5E4E86D}.Release|Any CPU.Build.0 = Release|Any CPU
		{0D798F9D-CE54-4A63-BFC8-AACDCC80ADDD}.Debug|Any CPU.ActiveCfg = Debug|Any CPU
		{0D798F9D-CE54-4A63-BFC8-AACDCC80ADDD}.Debug|Any CPU.Build.0 = Debug|Any CPU
		{0D798F9D-CE54-4A63-BFC8-AACDCC80ADDD}.Release|Any CPU.ActiveCfg = Release|Any CPU
		{0D798F9D-CE54-4A63-BFC8-AACDCC80ADDD}.Release|Any CPU.Build.0 = Release|Any CPU
		{36A60D50-FE3C-4984-AE8F-D7F1E42B934D}.Debug|Any CPU.ActiveCfg = Debug|Any CPU
		{36A60D50-FE3C-4984-AE8F-D7F1E42B934D}.Debug|Any CPU.Build.0 = Debug|Any CPU
		{36A60D50-FE3C-4984-AE8F-D7F1E42B934D}.Release|Any CPU.ActiveCfg = Release|Any CPU
		{36A60D50-FE3C-4984-AE8F-D7F1E42B934D}.Release|Any CPU.Build.0 = Release|Any CPU
		{E4775341-688A-4183-822B-ECD5B303E08F}.Debug|Any CPU.ActiveCfg = Debug|Any CPU
		{E4775341-688A-4183-822B-ECD5B303E08F}.Debug|Any CPU.Build.0 = Debug|Any CPU
		{E4775341-688A-4183-822B-ECD5B303E08F}.Release|Any CPU.ActiveCfg = Release|Any CPU
		{E4775341-688A-4183-822B-ECD5B303E08F}.Release|Any CPU.Build.0 = Release|Any CPU
		{67A1515B-FC37-4D21-8BB7-BE94000B4579}.Debug|Any CPU.ActiveCfg = Debug|Any CPU
		{67A1515B-FC37-4D21-8BB7-BE94000B4579}.Debug|Any CPU.Build.0 = Debug|Any CPU
		{67A1515B-FC37-4D21-8BB7-BE94000B4579}.Release|Any CPU.ActiveCfg = Release|Any CPU
		{67A1515B-FC37-4D21-8BB7-BE94000B4579}.Release|Any CPU.Build.0 = Release|Any CPU
		{2936F1BE-63D8-43AC-A395-088B7F279E1B}.Debug|Any CPU.ActiveCfg = Debug|Any CPU
		{2936F1BE-63D8-43AC-A395-088B7F279E1B}.Debug|Any CPU.Build.0 = Debug|Any CPU
		{2936F1BE-63D8-43AC-A395-088B7F279E1B}.Release|Any CPU.ActiveCfg = Release|Any CPU
		{2936F1BE-63D8-43AC-A395-088B7F279E1B}.Release|Any CPU.Build.0 = Release|Any CPU
		{BD1CBBBE-E456-4C6B-B0F5-B5C7C4C5A298}.Debug|Any CPU.ActiveCfg = Debug|Any CPU
		{BD1CBBBE-E456-4C6B-B0F5-B5C7C4C5A298}.Debug|Any CPU.Build.0 = Debug|Any CPU
		{BD1CBBBE-E456-4C6B-B0F5-B5C7C4C5A298}.Release|Any CPU.ActiveCfg = Release|Any CPU
		{BD1CBBBE-E456-4C6B-B0F5-B5C7C4C5A298}.Release|Any CPU.Build.0 = Release|Any CPU
		{7119D119-4D5C-4B7C-BC8D-994821929108}.Debug|Any CPU.ActiveCfg = Debug|Any CPU
		{7119D119-4D5C-4B7C-BC8D-994821929108}.Debug|Any CPU.Build.0 = Debug|Any CPU
		{7119D119-4D5C-4B7C-BC8D-994821929108}.Release|Any CPU.ActiveCfg = Release|Any CPU
		{7119D119-4D5C-4B7C-BC8D-994821929108}.Release|Any CPU.Build.0 = Release|Any CPU
		{DB7E3B71-EB77-459A-B22C-693AA5EC9A96}.Debug|Any CPU.ActiveCfg = Debug|Any CPU
		{DB7E3B71-EB77-459A-B22C-693AA5EC9A96}.Debug|Any CPU.Build.0 = Debug|Any CPU
		{DB7E3B71-EB77-459A-B22C-693AA5EC9A96}.Release|Any CPU.ActiveCfg = Release|Any CPU
		{DB7E3B71-EB77-459A-B22C-693AA5EC9A96}.Release|Any CPU.Build.0 = Release|Any CPU
		{D3FC07FF-4BB4-4192-BEF6-40F6A7AEFC90}.Debug|Any CPU.ActiveCfg = Debug|Any CPU
		{D3FC07FF-4BB4-4192-BEF6-40F6A7AEFC90}.Debug|Any CPU.Build.0 = Debug|Any CPU
		{D3FC07FF-4BB4-4192-BEF6-40F6A7AEFC90}.Release|Any CPU.ActiveCfg = Release|Any CPU
		{D3FC07FF-4BB4-4192-BEF6-40F6A7AEFC90}.Release|Any CPU.Build.0 = Release|Any CPU
		{0777B80D-EC7D-4304-8AB8-9936C7EBB0A6}.Debug|Any CPU.ActiveCfg = Debug|Any CPU
		{0777B80D-EC7D-4304-8AB8-9936C7EBB0A6}.Debug|Any CPU.Build.0 = Debug|Any CPU
		{0777B80D-EC7D-4304-8AB8-9936C7EBB0A6}.Release|Any CPU.ActiveCfg = Release|Any CPU
		{0777B80D-EC7D-4304-8AB8-9936C7EBB0A6}.Release|Any CPU.Build.0 = Release|Any CPU
		{93943922-D45D-4E5E-B5C0-6B41EE9FA293}.Debug|Any CPU.ActiveCfg = Debug|Any CPU
		{93943922-D45D-4E5E-B5C0-6B41EE9FA293}.Debug|Any CPU.Build.0 = Debug|Any CPU
		{93943922-D45D-4E5E-B5C0-6B41EE9FA293}.Release|Any CPU.ActiveCfg = Release|Any CPU
		{93943922-D45D-4E5E-B5C0-6B41EE9FA293}.Release|Any CPU.Build.0 = Release|Any CPU
		{7ECF130D-58B2-4220-BE2C-9D79B313EAF2}.Debug|Any CPU.ActiveCfg = Debug|Any CPU
		{7ECF130D-58B2-4220-BE2C-9D79B313EAF2}.Debug|Any CPU.Build.0 = Debug|Any CPU
		{7ECF130D-58B2-4220-BE2C-9D79B313EAF2}.Release|Any CPU.ActiveCfg = Release|Any CPU
		{7ECF130D-58B2-4220-BE2C-9D79B313EAF2}.Release|Any CPU.Build.0 = Release|Any CPU
		{10104A5C-C06A-40A5-AA3B-F49479A2066C}.Debug|Any CPU.ActiveCfg = Debug|Any CPU
		{10104A5C-C06A-40A5-AA3B-F49479A2066C}.Debug|Any CPU.Build.0 = Debug|Any CPU
		{10104A5C-C06A-40A5-AA3B-F49479A2066C}.Release|Any CPU.ActiveCfg = Release|Any CPU
		{10104A5C-C06A-40A5-AA3B-F49479A2066C}.Release|Any CPU.Build.0 = Release|Any CPU
		{06968709-AAA5-4252-BC1F-DA5F8E8ACA3A}.Debug|Any CPU.ActiveCfg = Debug|Any CPU
		{06968709-AAA5-4252-BC1F-DA5F8E8ACA3A}.Debug|Any CPU.Build.0 = Debug|Any CPU
		{06968709-AAA5-4252-BC1F-DA5F8E8ACA3A}.Release|Any CPU.ActiveCfg = Release|Any CPU
		{06968709-AAA5-4252-BC1F-DA5F8E8ACA3A}.Release|Any CPU.Build.0 = Release|Any CPU
		{FAF6A3F5-72F3-4586-B015-CA5701F34466}.Debug|Any CPU.ActiveCfg = Debug|Any CPU
		{FAF6A3F5-72F3-4586-B015-CA5701F34466}.Debug|Any CPU.Build.0 = Debug|Any CPU
		{FAF6A3F5-72F3-4586-B015-CA5701F34466}.Release|Any CPU.ActiveCfg = Release|Any CPU
		{FAF6A3F5-72F3-4586-B015-CA5701F34466}.Release|Any CPU.Build.0 = Release|Any CPU
		{D6A03A32-5F17-4283-9D16-678256835BE5}.Debug|Any CPU.ActiveCfg = Debug|Any CPU
		{D6A03A32-5F17-4283-9D16-678256835BE5}.Debug|Any CPU.Build.0 = Debug|Any CPU
		{D6A03A32-5F17-4283-9D16-678256835BE5}.Release|Any CPU.ActiveCfg = Release|Any CPU
		{D6A03A32-5F17-4283-9D16-678256835BE5}.Release|Any CPU.Build.0 = Release|Any CPU
		{0136DCF7-C30E-4DD0-BCF6-B39E6F955646}.Debug|Any CPU.ActiveCfg = Debug|Any CPU
		{0136DCF7-C30E-4DD0-BCF6-B39E6F955646}.Debug|Any CPU.Build.0 = Debug|Any CPU
		{0136DCF7-C30E-4DD0-BCF6-B39E6F955646}.Release|Any CPU.ActiveCfg = Release|Any CPU
		{0136DCF7-C30E-4DD0-BCF6-B39E6F955646}.Release|Any CPU.Build.0 = Release|Any CPU
		{EBB2AA99-98C7-42A2-90A9-44F446C23EF5}.Debug|Any CPU.ActiveCfg = Debug|Any CPU
		{EBB2AA99-98C7-42A2-90A9-44F446C23EF5}.Debug|Any CPU.Build.0 = Debug|Any CPU
		{EBB2AA99-98C7-42A2-90A9-44F446C23EF5}.Release|Any CPU.ActiveCfg = Release|Any CPU
		{EBB2AA99-98C7-42A2-90A9-44F446C23EF5}.Release|Any CPU.Build.0 = Release|Any CPU
		{684BD140-CB3D-4BDA-A3CC-20FF7A52E6C7}.Debug|Any CPU.ActiveCfg = Debug|Any CPU
		{684BD140-CB3D-4BDA-A3CC-20FF7A52E6C7}.Debug|Any CPU.Build.0 = Debug|Any CPU
		{684BD140-CB3D-4BDA-A3CC-20FF7A52E6C7}.Release|Any CPU.ActiveCfg = Release|Any CPU
		{684BD140-CB3D-4BDA-A3CC-20FF7A52E6C7}.Release|Any CPU.Build.0 = Release|Any CPU
		{B38D4306-5AC8-4D5E-B75D-67A59F62C869}.Debug|Any CPU.ActiveCfg = Debug|Any CPU
		{B38D4306-5AC8-4D5E-B75D-67A59F62C869}.Debug|Any CPU.Build.0 = Debug|Any CPU
		{B38D4306-5AC8-4D5E-B75D-67A59F62C869}.Release|Any CPU.ActiveCfg = Release|Any CPU
		{B38D4306-5AC8-4D5E-B75D-67A59F62C869}.Release|Any CPU.Build.0 = Release|Any CPU
		{E0FDC102-01F5-4D8F-BBFD-5A5583E20737}.Debug|Any CPU.ActiveCfg = Debug|Any CPU
		{E0FDC102-01F5-4D8F-BBFD-5A5583E20737}.Debug|Any CPU.Build.0 = Debug|Any CPU
		{E0FDC102-01F5-4D8F-BBFD-5A5583E20737}.Release|Any CPU.ActiveCfg = Release|Any CPU
		{E0FDC102-01F5-4D8F-BBFD-5A5583E20737}.Release|Any CPU.Build.0 = Release|Any CPU
		{1DD0E963-F5DA-417C-B1C9-5869378D21D6}.Debug|Any CPU.ActiveCfg = Debug|Any CPU
		{1DD0E963-F5DA-417C-B1C9-5869378D21D6}.Debug|Any CPU.Build.0 = Debug|Any CPU
		{1DD0E963-F5DA-417C-B1C9-5869378D21D6}.Release|Any CPU.ActiveCfg = Release|Any CPU
		{1DD0E963-F5DA-417C-B1C9-5869378D21D6}.Release|Any CPU.Build.0 = Release|Any CPU
	EndGlobalSection
	GlobalSection(SolutionProperties) = preSolution
		HideSolutionNode = FALSE
	EndGlobalSection
EndGlobal
