
Microsoft Visual Studio Solution File, Format Version 12.00
# Visual Studio 14
VisualStudioVersion = 14.0.25420.1
MinimumVisualStudioVersion = 10.0.40219.1
Project("{FAE04EC0-301F-11D3-BF4B-00C04F79EFBC}") = "0.01_Intro", "0.01_Intro\0.01_Intro.csproj", "{F5130643-DD00-4DAA-9883-3D4CB6F27E26}"
EndProject
Project("{FAE04EC0-301F-11D3-BF4B-00C04F79EFBC}") = "0.02_BasicTypes", "0.02_BasicTypes\0.02_BasicTypes.csproj", "{8DD56352-3A06-48DE-BFD4-290D8611352B}"
EndProject
Project("{FAE04EC0-301F-11D3-BF4B-00C04F79EFBC}") = "0.02_BasicTypes_Challenges", "0.02_BasicTypes_Challenges\0.02_BasicTypes_Challenges.csproj", "{C464002B-825E-46F4-83A3-364EB88ED975}"
EndProject
Project("{FAE04EC0-301F-11D3-BF4B-00C04F79EFBC}") = "0.03_Strings", "0.03_Strings\0.03_Strings.csproj", "{B3C1BE62-805A-4F97-AC23-3566F5E4E86D}"
EndProject
Project("{FAE04EC0-301F-11D3-BF4B-00C04F79EFBC}") = "0.03_String_Challenges", "0.03_String_Challenges\0.03_String_Challenges.csproj", "{0D798F9D-CE54-4A63-BFC8-AACDCC80ADDD}"
EndProject
Project("{FAE04EC0-301F-11D3-BF4B-00C04F79EFBC}") = "0.04_Conditional_If", "0.04_Conditional_If\0.04_Conditional_If.csproj", "{36A60D50-FE3C-4984-AE8F-D7F1E42B934D}"
EndProject
Global
	GlobalSection(SolutionConfigurationPlatforms) = preSolution
		Debug|Any CPU = Debug|Any CPU
		Release|Any CPU = Release|Any CPU
	EndGlobalSection
	GlobalSection(ProjectConfigurationPlatforms) = postSolution
		{F5130643-DD00-4DAA-9883-3D4CB6F27E26}.Debug|Any CPU.ActiveCfg = Debug|Any CPU
		{F5130643-DD00-4DAA-9883-3D4CB6F27E26}.Debug|Any CPU.Build.0 = Debug|Any CPU
		{F5130643-DD00-4DAA-9883-3D4CB6F27E26}.Release|Any CPU.ActiveCfg = Release|Any CPU
		{F5130643-DD00-4DAA-9883-3D4CB6F27E26}.Release|Any CPU.Build.0 = Release|Any CPU
		{8DD56352-3A06-48DE-BFD4-290D8611352B}.Debug|Any CPU.ActiveCfg = Debug|Any CPU
		{8DD56352-3A06-48DE-BFD4-290D8611352B}.Debug|Any CPU.Build.0 = Debug|Any CPU
		{8DD56352-3A06-48DE-BFD4-290D8611352B}.Release|Any CPU.ActiveCfg = Release|Any CPU
		{8DD56352-3A06-48DE-BFD4-290D8611352B}.Release|Any CPU.Build.0 = Release|Any CPU
		{C464002B-825E-46F4-83A3-364EB88ED975}.Debug|Any CPU.ActiveCfg = Debug|Any CPU
		{C464002B-825E-46F4-83A3-364EB88ED975}.Debug|Any CPU.Build.0 = Debug|Any CPU
		{C464002B-825E-46F4-83A3-364EB88ED975}.Release|Any CPU.ActiveCfg = Release|Any CPU
		{C464002B-825E-46F4-83A3-364EB88ED975}.Release|Any CPU.Build.0 = Release|Any CPU
		{B3C1BE62-805A-4F97-AC23-3566F5E4E86D}.Debug|Any CPU.ActiveCfg = Debug|Any CPU
		{B3C1BE62-805A-4F97-AC23-3566F5E4E86D}.Debug|Any CPU.Build.0 = Debug|Any CPU
		{B3C1BE62-805A-4F97-AC23-3566F5E4E86D}.Release|Any CPU.ActiveCfg = Release|Any CPU
		{B3C1BE62-805A-4F97-AC23-3566F5E4E86D}.Release|Any CPU.Build.0 = Release|Any CPU
		{0D798F9D-CE54-4A63-BFC8-AACDCC80ADDD}.Debug|Any CPU.ActiveCfg = Debug|Any CPU
		{0D798F9D-CE54-4A63-BFC8-AACDCC80ADDD}.Debug|Any CPU.Build.0 = Debug|Any CPU
		{0D798F9D-CE54-4A63-BFC8-AACDCC80ADDD}.Release|Any CPU.ActiveCfg = Release|Any CPU
		{0D798F9D-CE54-4A63-BFC8-AACDCC80ADDD}.Release|Any CPU.Build.0 = Release|Any CPU
		{36A60D50-FE3C-4984-AE8F-D7F1E42B934D}.Debug|Any CPU.ActiveCfg = Debug|Any CPU
		{36A60D50-FE3C-4984-AE8F-D7F1E42B934D}.Debug|Any CPU.Build.0 = Debug|Any CPU
		{36A60D50-FE3C-4984-AE8F-D7F1E42B934D}.Release|Any CPU.ActiveCfg = Release|Any CPU
		{36A60D50-FE3C-4984-AE8F-D7F1E42B934D}.Release|Any CPU.Build.0 = Release|Any CPU
	EndGlobalSection
	GlobalSection(SolutionProperties) = preSolution
		HideSolutionNode = FALSE
	EndGlobalSection
EndGlobal
